
Microsoft Visual Studio Solution File, Format Version 12.00
# Visual Studio Version 16
VisualStudioVersion = 16.0.28803.352
MinimumVisualStudioVersion = 10.0.40219.1
Project("{8BC9CEB8-8B4A-11D0-8D11-00A0C91BC942}") = "csed353_proj_client", "csed353_proj_client\csed353_proj_client.vcxproj", "{DBF5C5A9-8ADF-4F66-A481-117E078207F5}"
EndProject
Project("{8BC9CEB8-8B4A-11D0-8D11-00A0C91BC942}") = "csed353_proj_server", "csed353_proj_server\csed353_proj_server.vcxproj", "{516BDDD2-C4D8-4BFB-AC77-E2EB9D9F3619}"
EndProject
Global
	GlobalSection(SolutionConfigurationPlatforms) = preSolution
		Debug|x64 = Debug|x64
		Debug|x86 = Debug|x86
		Release|x64 = Release|x64
		Release|x86 = Release|x86
	EndGlobalSection
	GlobalSection(ProjectConfigurationPlatforms) = postSolution
		{DBF5C5A9-8ADF-4F66-A481-117E078207F5}.Debug|x64.ActiveCfg = Debug|x64
		{DBF5C5A9-8ADF-4F66-A481-117E078207F5}.Debug|x64.Build.0 = Debug|x64
		{DBF5C5A9-8ADF-4F66-A481-117E078207F5}.Debug|x86.ActiveCfg = Debug|Win32
		{DBF5C5A9-8ADF-4F66-A481-117E078207F5}.Debug|x86.Build.0 = Debug|Win32
		{DBF5C5A9-8ADF-4F66-A481-117E078207F5}.Release|x64.ActiveCfg = Release|x64
		{DBF5C5A9-8ADF-4F66-A481-117E078207F5}.Release|x64.Build.0 = Release|x64
		{DBF5C5A9-8ADF-4F66-A481-117E078207F5}.Release|x86.ActiveCfg = Release|Win32
		{DBF5C5A9-8ADF-4F66-A481-117E078207F5}.Release|x86.Build.0 = Release|Win32
		{516BDDD2-C4D8-4BFB-AC77-E2EB9D9F3619}.Debug|x64.ActiveCfg = Debug|x64
		{516BDDD2-C4D8-4BFB-AC77-E2EB9D9F3619}.Debug|x64.Build.0 = Debug|x64
		{516BDDD2-C4D8-4BFB-AC77-E2EB9D9F3619}.Debug|x86.ActiveCfg = Debug|Win32
		{516BDDD2-C4D8-4BFB-AC77-E2EB9D9F3619}.Debug|x86.Build.0 = Debug|Win32
		{516BDDD2-C4D8-4BFB-AC77-E2EB9D9F3619}.Release|x64.ActiveCfg = Release|x64
		{516BDDD2-C4D8-4BFB-AC77-E2EB9D9F3619}.Release|x64.Build.0 = Release|x64
		{516BDDD2-C4D8-4BFB-AC77-E2EB9D9F3619}.Release|x86.ActiveCfg = Release|Win32
		{516BDDD2-C4D8-4BFB-AC77-E2EB9D9F3619}.Release|x86.Build.0 = Release|Win32
	EndGlobalSection
	GlobalSection(SolutionProperties) = preSolution
		HideSolutionNode = FALSE
	EndGlobalSection
	GlobalSection(ExtensibilityGlobals) = postSolution
		SolutionGuid = {71BA6B04-E5A8-44E4-B28A-59AE5AB15904}
	EndGlobalSection
EndGlobal
